
Microsoft Visual Studio Solution File, Format Version 12.00
# Visual Studio Version 17
VisualStudioVersion = 17.1.32210.238
MinimumVisualStudioVersion = 10.0.40219.1
Project("{FAE04EC0-301F-11D3-BF4B-00C04F79EFBC}") = "PlayingWithVariablesConsole", "PlayingWithVariablesConsole\PlayingWithVariablesConsole.csproj", "{7F032EEA-5D1C-401D-AE67-CECD507DEF31}"
EndProject
Global
	GlobalSection(SolutionConfigurationPlatforms) = preSolution
		Debug|Any CPU = Debug|Any CPU
		Release|Any CPU = Release|Any CPU
	EndGlobalSection
	GlobalSection(ProjectConfigurationPlatforms) = postSolution
		{7F032EEA-5D1C-401D-AE67-CECD507DEF31}.Debug|Any CPU.ActiveCfg = Debug|Any CPU
		{7F032EEA-5D1C-401D-AE67-CECD507DEF31}.Debug|Any CPU.Build.0 = Debug|Any CPU
		{7F032EEA-5D1C-401D-AE67-CECD507DEF31}.Release|Any CPU.ActiveCfg = Release|Any CPU
		{7F032EEA-5D1C-401D-AE67-CECD507DEF31}.Release|Any CPU.Build.0 = Release|Any CPU
	EndGlobalSection
	GlobalSection(SolutionProperties) = preSolution
		HideSolutionNode = FALSE
	EndGlobalSection
	GlobalSection(ExtensibilityGlobals) = postSolution
		SolutionGuid = {2934BF9D-0547-4B80-83CD-D587CCF57F14}
	EndGlobalSection
EndGlobal
